
Microsoft Visual Studio Solution File, Format Version 12.00
# Visual Studio Version 16
VisualStudioVersion = 16.0.30711.63
MinimumVisualStudioVersion = 10.0.40219.1
Project("{FAE04EC0-301F-11D3-BF4B-00C04F79EFBC}") = "FunctionAppUpload", "FunctionAppUpload.csproj", "{8984A128-59C9-4A06-8B08-29D4F59EE1A5}"
EndProject
Global
	GlobalSection(SolutionConfigurationPlatforms) = preSolution
		Debug|Any CPU = Debug|Any CPU
		Release|Any CPU = Release|Any CPU
	EndGlobalSection
	GlobalSection(ProjectConfigurationPlatforms) = postSolution
		{8984A128-59C9-4A06-8B08-29D4F59EE1A5}.Debug|Any CPU.ActiveCfg = Debug|Any CPU
		{8984A128-59C9-4A06-8B08-29D4F59EE1A5}.Debug|Any CPU.Build.0 = Debug|Any CPU
		{8984A128-59C9-4A06-8B08-29D4F59EE1A5}.Release|Any CPU.ActiveCfg = Release|Any CPU
		{8984A128-59C9-4A06-8B08-29D4F59EE1A5}.Release|Any CPU.Build.0 = Release|Any CPU
	EndGlobalSection
	GlobalSection(SolutionProperties) = preSolution
		HideSolutionNode = FALSE
	EndGlobalSection
	GlobalSection(ExtensibilityGlobals) = postSolution
		SolutionGuid = {B5505D7D-EEEC-492C-A797-71245A9C05A8}
	EndGlobalSection
EndGlobal
